
Microsoft Visual Studio Solution File, Format Version 12.00
# Visual Studio Version 17
VisualStudioVersion = 17.5.33516.290
MinimumVisualStudioVersion = 10.0.40219.1
Project("{FAE04EC0-301F-11D3-BF4B-00C04F79EFBC}") = "BloodDonorForm", "BloodDonorForm.csproj", "{0E6912AD-CED2-4C4B-9F11-FF78AD6D2B2F}"
EndProject
Global
	GlobalSection(SolutionConfigurationPlatforms) = preSolution
		Debug|Any CPU = Debug|Any CPU
		Release|Any CPU = Release|Any CPU
	EndGlobalSection
	GlobalSection(ProjectConfigurationPlatforms) = postSolution
		{0E6912AD-CED2-4C4B-9F11-FF78AD6D2B2F}.Debug|Any CPU.ActiveCfg = Debug|Any CPU
		{0E6912AD-CED2-4C4B-9F11-FF78AD6D2B2F}.Debug|Any CPU.Build.0 = Debug|Any CPU
		{0E6912AD-CED2-4C4B-9F11-FF78AD6D2B2F}.Release|Any CPU.ActiveCfg = Release|Any CPU
		{0E6912AD-CED2-4C4B-9F11-FF78AD6D2B2F}.Release|Any CPU.Build.0 = Release|Any CPU
	EndGlobalSection
	GlobalSection(SolutionProperties) = preSolution
		HideSolutionNode = FALSE
	EndGlobalSection
	GlobalSection(ExtensibilityGlobals) = postSolution
		SolutionGuid = {A7B5A2F8-75B2-4E9F-9044-37C18984D77D}
	EndGlobalSection
EndGlobal
